
Microsoft Visual Studio Solution File, Format Version 12.00
# Visual Studio Version 16
VisualStudioVersion = 16.0.31911.196
MinimumVisualStudioVersion = 10.0.40219.1
Project("{FAE04EC0-301F-11D3-BF4B-00C04F79EFBC}") = "WindowsFormsApp1", "WindowsFormsApp1\WindowsFormsApp1.csproj", "{4995375A-A757-49EF-B40B-A72DAA95ACCA}"
EndProject
Global
	GlobalSection(SolutionConfigurationPlatforms) = preSolution
		Debug|Any CPU = Debug|Any CPU
		Release|Any CPU = Release|Any CPU
	EndGlobalSection
	GlobalSection(ProjectConfigurationPlatforms) = postSolution
		{4995375A-A757-49EF-B40B-A72DAA95ACCA}.Debug|Any CPU.ActiveCfg = Debug|Any CPU
		{4995375A-A757-49EF-B40B-A72DAA95ACCA}.Debug|Any CPU.Build.0 = Debug|Any CPU
		{4995375A-A757-49EF-B40B-A72DAA95ACCA}.Release|Any CPU.ActiveCfg = Release|Any CPU
		{4995375A-A757-49EF-B40B-A72DAA95ACCA}.Release|Any CPU.Build.0 = Release|Any CPU
	EndGlobalSection
	GlobalSection(SolutionProperties) = preSolution
		HideSolutionNode = FALSE
	EndGlobalSection
	GlobalSection(ExtensibilityGlobals) = postSolution
		SolutionGuid = {6366E55C-9840-4489-9510-79921E2C8679}
	EndGlobalSection
EndGlobal
